{
  "name": "vuejs-avataaars",
  "version": "3.0.4",
  "lockfileVersion": 1,
  "requires": true,
  "dependencies": {
    "de-indent": {
      "version": "1.0.2",
      "resolved": "https://registry.npmjs.org/de-indent/-/de-indent-1.0.2.tgz",
      "integrity": "sha1-sgOOhG3DO6pXlhKNCAS0VbjB4h0=",
      "dev": true
    },
    "he": {
      "version": "1.2.0",
      "resolved": "https://registry.npmjs.org/he/-/he-1.2.0.tgz",
      "integrity": "sha512-F/1DnUGPopORZi0ni+CvrCgHQ5FyEAHRLSApuYWMmrbSwoN2Mn/7k+Gl38gJnR7yyDZk6WLXwiGod1JOWNDKGw==",
      "dev": true
    },
    "vue-template-compiler": {
      "version": "2.6.10",
      "resolved": "https://registry.npmjs.org/vue-template-compiler/-/vue-template-compiler-2.6.10.tgz",
      "integrity": "sha512-jVZkw4/I/HT5ZMvRnhv78okGusqe0+qH2A0Em0Cp8aq78+NK9TII263CDVz2QXZsIT+yyV/gZc/j/vlwa+Epyg==",
      "dev": true,
      "requires": {
        "de-indent": "^1.0.2",
        "he": "^1.1.0"
      }
    }
  }
}
